
Microsoft Visual Studio Solution File, Format Version 12.00
# Visual Studio Version 17
VisualStudioVersion = 17.1.32328.378
MinimumVisualStudioVersion = 10.0.40219.1
Project("{FAE04EC0-301F-11D3-BF4B-00C04F79EFBC}") = "FishingDiary", "DiarRyby\FishingDiary.csproj", "{FAAB33E0-D15A-4378-8D44-D01631F02B80}"
EndProject
Global
	GlobalSection(SolutionConfigurationPlatforms) = preSolution
		Debug|Any CPU = Debug|Any CPU
		Release|Any CPU = Release|Any CPU
	EndGlobalSection
	GlobalSection(ProjectConfigurationPlatforms) = postSolution
		{FAAB33E0-D15A-4378-8D44-D01631F02B80}.Debug|Any CPU.ActiveCfg = Debug|Any CPU
		{FAAB33E0-D15A-4378-8D44-D01631F02B80}.Debug|Any CPU.Build.0 = Debug|Any CPU
		{FAAB33E0-D15A-4378-8D44-D01631F02B80}.Release|Any CPU.ActiveCfg = Release|Any CPU
		{FAAB33E0-D15A-4378-8D44-D01631F02B80}.Release|Any CPU.Build.0 = Release|Any CPU
	EndGlobalSection
	GlobalSection(SolutionProperties) = preSolution
		HideSolutionNode = FALSE
	EndGlobalSection
	GlobalSection(ExtensibilityGlobals) = postSolution
		SolutionGuid = {56F04795-61DF-4513-9DED-4EFBFD91DDE6}
	EndGlobalSection
EndGlobal
